
Microsoft Visual Studio Solution File, Format Version 12.00
# Visual Studio Version 17
VisualStudioVersion = 17.9.34728.123
MinimumVisualStudioVersion = 10.0.40219.1
Project("{FAE04EC0-301F-11D3-BF4B-00C04F79EFBC}") = "DemoHOOKS", "DemoHOOKS\DemoHOOKS.csproj", "{6618469F-C89A-44ED-8C84-A112D4211926}"
EndProject
Global
	GlobalSection(SolutionConfigurationPlatforms) = preSolution
		Debug|Any CPU = Debug|Any CPU
		Release|Any CPU = Release|Any CPU
	EndGlobalSection
	GlobalSection(ProjectConfigurationPlatforms) = postSolution
		{6618469F-C89A-44ED-8C84-A112D4211926}.Debug|Any CPU.ActiveCfg = Debug|Any CPU
		{6618469F-C89A-44ED-8C84-A112D4211926}.Debug|Any CPU.Build.0 = Debug|Any CPU
		{6618469F-C89A-44ED-8C84-A112D4211926}.Release|Any CPU.ActiveCfg = Release|Any CPU
		{6618469F-C89A-44ED-8C84-A112D4211926}.Release|Any CPU.Build.0 = Release|Any CPU
	EndGlobalSection
	GlobalSection(SolutionProperties) = preSolution
		HideSolutionNode = FALSE
	EndGlobalSection
	GlobalSection(ExtensibilityGlobals) = postSolution
		SolutionGuid = {022B8A22-EF8A-4165-8AD2-D65B06033F46}
	EndGlobalSection
EndGlobal
